{
  "name": "test",
  "version": "0.0.1",
  "lockfileVersion": 1,
  "requires": true,
  "dependencies": {
    "@plugs/backup": {
      "version": "0.0.5-alpha.2",
      "resolved": "https://registry.npmjs.org/@plugs/backup/-/backup-0.0.5-alpha.2.tgz",
      "integrity": "sha512-O3r+665NCTPBsfRqtuAthr2facrOEz4y3fRiWAyCOvsJkoAIeDJsX7ANUU2orx/kCy183iJx+dSCbj+u1R2G5A==",
      "requires": {
        "@plugs/main": "^0.0.5-alpha.2"
      }
    },
    "@plugs/main": {
      "version": "0.0.5-alpha.2",
      "resolved": "https://registry.npmjs.org/@plugs/main/-/main-0.0.5-alpha.2.tgz",
      "integrity": "sha512-s2o3sSJiS2eg53b1bHFAB6zT/mqCHn6Qcgf/irhKmV/NDzPnGDf+VKAeB5n1EUfgZU+VmWxgQSqJNJ1DtkTJuQ=="
    },
    "@plugs/route": {
      "version": "0.0.5-alpha.2",
      "resolved": "https://registry.npmjs.org/@plugs/route/-/route-0.0.5-alpha.2.tgz",
      "integrity": "sha512-ix/C4c/szyYrQ6Are9jIFAMpMZm6xoeKreMAqyeDANdO73zyOjlRP7GllY8f6WPU3vg9EiKbazzFxj0qOh6/Sg==",
      "requires": {
        "@plugs/main": "^0.0.5-alpha.2"
      }
    },
    "@plugs/strip": {
      "version": "0.0.5-alpha.2",
      "resolved": "https://registry.npmjs.org/@plugs/strip/-/strip-0.0.5-alpha.2.tgz",
      "integrity": "sha512-nAgAd0Qc+WnJrEnG83qO0sFB5pPYKU8ruKNCevM4O9t8pzprXeP2VCYGCDrOyQKMuCvBLzMPyTKQB2uOJgeUDQ==",
      "requires": {
        "@plugs/main": "^0.0.5-alpha.2"
      }
    },
    "@plugs/switch": {
      "version": "0.0.5-alpha.2",
      "resolved": "https://registry.npmjs.org/@plugs/switch/-/switch-0.0.5-alpha.2.tgz",
      "integrity": "sha512-cG0PS53jBQi55knVByOytpGKlSm1b+iFtqiwAK1KNR9NtFqiglpnFt6FOiES1TlY+rDtkvInqCmJhJUsqR0vyg==",
      "requires": {
        "@plugs/main": "^0.0.5-alpha.2"
      }
    },
    "axios": {
      "version": "0.21.1",
      "resolved": "https://registry.npmjs.org/axios/-/axios-0.21.1.tgz",
      "integrity": "sha512-dKQiRHxGD9PPRIUNIWvZhPTPpl1rf/OxTYKsqKUDjBwYylTvV7SjSHJb9ratfyzM6wCdLCOYLzs73qpg5c4iGA==",
      "requires": {
        "follow-redirects": "^1.10.0"
      }
    },
    "co": {
      "version": "4.6.0",
      "resolved": "https://registry.npmjs.org/co/-/co-4.6.0.tgz",
      "integrity": "sha1-bqa989hTrlTMuOR7+gvz+QMfsYQ="
    },
    "core-async": {
      "version": "0.1.1",
      "resolved": "https://registry.npmjs.org/core-async/-/core-async-0.1.1.tgz",
      "integrity": "sha512-mKSaDgKDBatS6Wpe6xmLStPymzEe+Ur3SLNfSKdT5HBB77mznnx9tW3oKHt+It2aNfxeSKuS8Y9GLbrpk8z06w==",
      "requires": {
        "co": "^4.6.0"
      }
    },
    "follow-redirects": {
      "version": "1.13.1",
      "resolved": "https://registry.npmjs.org/follow-redirects/-/follow-redirects-1.13.1.tgz",
      "integrity": "sha512-SSG5xmZh1mkPGyKzjZP8zLjltIfpW32Y5QpdNJyjcfGxK3qo3NDDkZOZSFiGn1A6SclQxY9GzEwAHQ3dmYRWpg=="
    },
    "ramda": {
      "version": "0.26.1",
      "resolved": "https://registry.npmjs.org/ramda/-/ramda-0.26.1.tgz",
      "integrity": "sha512-hLWjpy7EnsDBb0p+Z3B7rPi3GDeRG5ZtiI33kJhTt+ORCd38AbAIjB/9zRIUoeTbE/AVX5ZkU7m6bznsvrf8eQ=="
    }
  }
}
