{
  "name": "test",
  "version": "0.0.1",
  "lockfileVersion": 1,
  "requires": true,
  "dependencies": {
    "@plugs/backup": {
      "version": "0.0.5-alpha.2",
      "resolved": "https://registry.npmjs.org/@plugs/backup/-/backup-0.0.5-alpha.2.tgz",
      "integrity": "sha512-O3r+665NCTPBsfRqtuAthr2facrOEz4y3fRiWAyCOvsJkoAIeDJsX7ANUU2orx/kCy183iJx+dSCbj+u1R2G5A==",
      "requires": {
        "@plugs/main": "^0.0.5-alpha.2"
      }
    },
    "@plugs/main": {
      "version": "0.0.5-alpha.2",
      "resolved": "https://registry.npmjs.org/@plugs/main/-/main-0.0.5-alpha.2.tgz",
      "integrity": "sha512-s2o3sSJiS2eg53b1bHFAB6zT/mqCHn6Qcgf/irhKmV/NDzPnGDf+VKAeB5n1EUfgZU+VmWxgQSqJNJ1DtkTJuQ=="
    },
    "@plugs/route": {
      "version": "0.0.5-alpha.2",
      "resolved": "https://registry.npmjs.org/@plugs/route/-/route-0.0.5-alpha.2.tgz",
      "integrity": "sha512-ix/C4c/szyYrQ6Are9jIFAMpMZm6xoeKreMAqyeDANdO73zyOjlRP7GllY8f6WPU3vg9EiKbazzFxj0qOh6/Sg==",
      "requires": {
        "@plugs/main": "^0.0.5-alpha.2"
      }
    },
    "@plugs/strip": {
      "version": "0.0.5-alpha.2",
      "resolved": "https://registry.npmjs.org/@plugs/strip/-/strip-0.0.5-alpha.2.tgz",
      "integrity": "sha512-nAgAd0Qc+WnJrEnG83qO0sFB5pPYKU8ruKNCevM4O9t8pzprXeP2VCYGCDrOyQKMuCvBLzMPyTKQB2uOJgeUDQ==",
      "requires": {
        "@plugs/main": "^0.0.5-alpha.2"
      }
    },
    "@plugs/switch": {
      "version": "0.0.5-alpha.2",
      "resolved": "https://registry.npmjs.org/@plugs/switch/-/switch-0.0.5-alpha.2.tgz",
      "integrity": "sha512-cG0PS53jBQi55knVByOytpGKlSm1b+iFtqiwAK1KNR9NtFqiglpnFt6FOiES1TlY+rDtkvInqCmJhJUsqR0vyg==",
      "requires": {
        "@plugs/main": "^0.0.5-alpha.2"
      }
    },
    "asynckit": {
      "version": "0.4.0",
      "resolved": "https://registry.npmjs.org/asynckit/-/asynckit-0.4.0.tgz",
      "integrity": "sha512-Oei9OH4tRh0YqU3GxhX79dM/mwVgvbZJaSNaRk+bshkj0S5cfHcgYakreBjrHwatXKbz+IoIdYLxrKim2MjW0Q=="
    },
    "axios": {
      "version": "1.6.0",
      "resolved": "https://registry.npmjs.org/axios/-/axios-1.6.0.tgz",
      "integrity": "sha512-EZ1DYihju9pwVB+jg67ogm+Tmqc6JmhamRN6I4Zt8DfZu5lbcQGw3ozH9lFejSJgs/ibaef3A9PMXPLeefFGJg==",
      "requires": {
        "follow-redirects": "^1.15.0",
        "form-data": "^4.0.0",
        "proxy-from-env": "^1.1.0"
      }
    },
    "co": {
      "version": "4.6.0",
      "resolved": "https://registry.npmjs.org/co/-/co-4.6.0.tgz",
      "integrity": "sha1-bqa989hTrlTMuOR7+gvz+QMfsYQ="
    },
    "combined-stream": {
      "version": "1.0.8",
      "resolved": "https://registry.npmjs.org/combined-stream/-/combined-stream-1.0.8.tgz",
      "integrity": "sha512-FQN4MRfuJeHf7cBbBMJFXhKSDq+2kAArBlmRBvcvFE5BB1HZKXtSFASDhdlz9zOYwxh8lDdnvmMOe/+5cdoEdg==",
      "requires": {
        "delayed-stream": "~1.0.0"
      }
    },
    "core-async": {
      "version": "0.1.1",
      "resolved": "https://registry.npmjs.org/core-async/-/core-async-0.1.1.tgz",
      "integrity": "sha512-mKSaDgKDBatS6Wpe6xmLStPymzEe+Ur3SLNfSKdT5HBB77mznnx9tW3oKHt+It2aNfxeSKuS8Y9GLbrpk8z06w==",
      "requires": {
        "co": "^4.6.0"
      }
    },
    "delayed-stream": {
      "version": "1.0.0",
      "resolved": "https://registry.npmjs.org/delayed-stream/-/delayed-stream-1.0.0.tgz",
      "integrity": "sha512-ZySD7Nf91aLB0RxL4KGrKHBXl7Eds1DAmEdcoVawXnLD7SDhpNgtuII2aAkg7a7QS41jxPSZ17p4VdGnMHk3MQ=="
    },
    "follow-redirects": {
      "version": "1.15.3",
      "resolved": "https://registry.npmjs.org/follow-redirects/-/follow-redirects-1.15.3.tgz",
      "integrity": "sha512-1VzOtuEM8pC9SFU1E+8KfTjZyMztRsgEfwQl44z8A25uy13jSzTj6dyK2Df52iV0vgHCfBwLhDWevLn95w5v6Q=="
    },
    "form-data": {
      "version": "4.0.0",
      "resolved": "https://registry.npmjs.org/form-data/-/form-data-4.0.0.tgz",
      "integrity": "sha512-ETEklSGi5t0QMZuiXoA/Q6vcnxcLQP5vdugSpuAyi6SVGi2clPPp+xgEhuMaHC+zGgn31Kd235W35f7Hykkaww==",
      "requires": {
        "asynckit": "^0.4.0",
        "combined-stream": "^1.0.8",
        "mime-types": "^2.1.12"
      }
    },
    "mime-db": {
      "version": "1.52.0",
      "resolved": "https://registry.npmjs.org/mime-db/-/mime-db-1.52.0.tgz",
      "integrity": "sha512-sPU4uV7dYlvtWJxwwxHD0PuihVNiE7TyAbQ5SWxDCB9mUYvOgroQOwYQQOKPJ8CIbE+1ETVlOoK1UC2nU3gYvg=="
    },
    "mime-types": {
      "version": "2.1.35",
      "resolved": "https://registry.npmjs.org/mime-types/-/mime-types-2.1.35.tgz",
      "integrity": "sha512-ZDY+bPm5zTTF+YpCrAU9nK0UgICYPT0QtT1NZWFv4s++TNkcgVaT0g6+4R2uI4MjQjzysHB1zxuWL50hzaeXiw==",
      "requires": {
        "mime-db": "1.52.0"
      }
    },
    "proxy-from-env": {
      "version": "1.1.0",
      "resolved": "https://registry.npmjs.org/proxy-from-env/-/proxy-from-env-1.1.0.tgz",
      "integrity": "sha512-D+zkORCbA9f1tdWRK0RaCR3GPv50cMxcrz4X8k5LTSUD1Dkw47mKJEZQNunItRTkWwgtaUSo1RVFRIG9ZXiFYg=="
    },
    "ramda": {
      "version": "0.26.1",
      "resolved": "https://registry.npmjs.org/ramda/-/ramda-0.26.1.tgz",
      "integrity": "sha512-hLWjpy7EnsDBb0p+Z3B7rPi3GDeRG5ZtiI33kJhTt+ORCd38AbAIjB/9zRIUoeTbE/AVX5ZkU7m6bznsvrf8eQ=="
    }
  }
}
