{
  "name": "main",
  "version": "0.0.1",
  "lockfileVersion": 1,
  "requires": true,
  "dependencies": {
    "co": {
      "version": "4.6.0",
      "resolved": "https://registry.npmjs.org/co/-/co-4.6.0.tgz",
      "integrity": "sha1-bqa989hTrlTMuOR7+gvz+QMfsYQ="
    },
    "core-async": {
      "version": "0.1.1",
      "resolved": "https://registry.npmjs.org/core-async/-/core-async-0.1.1.tgz",
      "integrity": "sha512-mKSaDgKDBatS6Wpe6xmLStPymzEe+Ur3SLNfSKdT5HBB77mznnx9tW3oKHt+It2aNfxeSKuS8Y9GLbrpk8z06w==",
      "requires": {
        "co": "^4.6.0"
      }
    }
  }
}
